// !$*UTF8*$!
{
	archiveVersion = 1;
	classes = {
	};
	objectVersion = 55;
	objects = {

/* Begin PBXBuildFile section */
		042C6B7428ACC3CD005B11C0 /* AppDelegate.swift in Sources */ = {isa = PBXBuildFile; fileRef = 042C6B7328ACC3CD005B11C0 /* AppDelegate.swift */; };
		042C6B7628ACC3CD005B11C0 /* SceneDelegate.swift in Sources */ = {isa = PBXBuildFile; fileRef = 042C6B7528ACC3CD005B11C0 /* SceneDelegate.swift */; };
		042C6B7828ACC3CD005B11C0 /* ViewController.swift in Sources */ = {isa = PBXBuildFile; fileRef = 042C6B7728ACC3CD005B11C0 /* ViewController.swift */; };
		042C6B7B28ACC3CD005B11C0 /* Main.storyboard in Resources */ = {isa = PBXBuildFile; fileRef = 042C6B7928ACC3CD005B11C0 /* Main.storyboard */; };
		042C6B7D28ACC3CE005B11C0 /* Assets.xcassets in Resources */ = {isa = PBXBuildFile; fileRef = 042C6B7C28ACC3CE005B11C0 /* Assets.xcassets */; };
		042C6B8028ACC3CE005B11C0 /* LaunchScreen.storyboard in Resources */ = {isa = PBXBuildFile; fileRef = 042C6B7E28ACC3CE005B11C0 /* LaunchScreen.storyboard */; };
		042C6B8B28ACC3CE005B11C0 /* SKDDemoTestTests.swift in Sources */ = {isa = PBXBuildFile; fileRef = 042C6B8A28ACC3CE005B11C0 /* SKDDemoTestTests.swift */; };
		042C6B9528ACC3CE005B11C0 /* SKDDemoTestUITests.swift in Sources */ = {isa = PBXBuildFile; fileRef = 042C6B9428ACC3CE005B11C0 /* SKDDemoTestUITests.swift */; };
		042C6B9728ACC3CE005B11C0 /* SKDDemoTestUITestsLaunchTests.swift in Sources */ = {isa = PBXBuildFile; fileRef = 042C6B9628ACC3CE005B11C0 /* SKDDemoTestUITestsLaunchTests.swift */; };
		0448857528B1330300BAE1AB /* MediaSelector.framework in Frameworks */ = {isa = PBXBuildFile; fileRef = 0448857428B1330300BAE1AB /* MediaSelector.framework */; };
		0448857628B1330A00BAE1AB /* MediaSelector.framework in Embed Frameworks */ = {isa = PBXBuildFile; fileRef = 0448857428B1330300BAE1AB /* MediaSelector.framework */; settings = {ATTRIBUTES = (CodeSignOnCopy, RemoveHeadersOnCopy, ); }; };
/* End PBXBuildFile section */

/* Begin PBXContainerItemProxy section */
		042C6B8728ACC3CE005B11C0 /* PBXContainerItemProxy */ = {
			isa = PBXContainerItemProxy;
			containerPortal = 042C6B6828ACC3CD005B11C0 /* Project object */;
			proxyType = 1;
			remoteGlobalIDString = 042C6B6F28ACC3CD005B11C0;
			remoteInfo = SKDDemoTest;
		};
		042C6B9128ACC3CE005B11C0 /* PBXContainerItemProxy */ = {
			isa = PBXContainerItemProxy;
			containerPortal = 042C6B6828ACC3CD005B11C0 /* Project object */;
			proxyType = 1;
			remoteGlobalIDString = 042C6B6F28ACC3CD005B11C0;
			remoteInfo = SKDDemoTest;
		};
/* End PBXContainerItemProxy section */

/* Begin PBXCopyFilesBuildPhase section */
		042C6BEF28AD3B74005B11C0 /* Embed Frameworks */ = {
			isa = PBXCopyFilesBuildPhase;
			buildActionMask = 2147483647;
			dstPath = "";
			dstSubfolderSpec = 10;
			files = (
				0448857628B1330A00BAE1AB /* MediaSelector.framework in Embed Frameworks */,
			);
			name = "Embed Frameworks";
			runOnlyForDeploymentPostprocessing = 0;
		};
/* End PBXCopyFilesBuildPhase section */

/* Begin PBXFileReference section */
		042C6B7028ACC3CD005B11C0 /* SKDDemoTest.app */ = {isa = PBXFileReference; explicitFileType = wrapper.application; includeInIndex = 0; path = SKDDemoTest.app; sourceTree = BUILT_PRODUCTS_DIR; };
		042C6B7328ACC3CD005B11C0 /* AppDelegate.swift */ = {isa = PBXFileReference; lastKnownFileType = sourcecode.swift; path = AppDelegate.swift; sourceTree = "<group>"; };
		042C6B7528ACC3CD005B11C0 /* SceneDelegate.swift */ = {isa = PBXFileReference; lastKnownFileType = sourcecode.swift; path = SceneDelegate.swift; sourceTree = "<group>"; };
		042C6B7728ACC3CD005B11C0 /* ViewController.swift */ = {isa = PBXFileReference; lastKnownFileType = sourcecode.swift; path = ViewController.swift; sourceTree = "<group>"; };
		042C6B7A28ACC3CD005B11C0 /* Base */ = {isa = PBXFileReference; lastKnownFileType = file.storyboard; name = Base; path = Base.lproj/Main.storyboard; sourceTree = "<group>"; };
		042C6B7C28ACC3CE005B11C0 /* Assets.xcassets */ = {isa = PBXFileReference; lastKnownFileType = folder.assetcatalog; path = Assets.xcassets; sourceTree = "<group>"; };
		042C6B7F28ACC3CE005B11C0 /* Base */ = {isa = PBXFileReference; lastKnownFileType = file.storyboard; name = Base; path = Base.lproj/LaunchScreen.storyboard; sourceTree = "<group>"; };
		042C6B8128ACC3CE005B11C0 /* Info.plist */ = {isa = PBXFileReference; lastKnownFileType = text.plist.xml; path = Info.plist; sourceTree = "<group>"; };
		042C6B8628ACC3CE005B11C0 /* SKDDemoTestTests.xctest */ = {isa = PBXFileReference; explicitFileType = wrapper.cfbundle; includeInIndex = 0; path = SKDDemoTestTests.xctest; sourceTree = BUILT_PRODUCTS_DIR; };
		042C6B8A28ACC3CE005B11C0 /* SKDDemoTestTests.swift */ = {isa = PBXFileReference; lastKnownFileType = sourcecode.swift; path = SKDDemoTestTests.swift; sourceTree = "<group>"; };
		042C6B9028ACC3CE005B11C0 /* SKDDemoTestUITests.xctest */ = {isa = PBXFileReference; explicitFileType = wrapper.cfbundle; includeInIndex = 0; path = SKDDemoTestUITests.xctest; sourceTree = BUILT_PRODUCTS_DIR; };
		042C6B9428ACC3CE005B11C0 /* SKDDemoTestUITests.swift */ = {isa = PBXFileReference; lastKnownFileType = sourcecode.swift; path = SKDDemoTestUITests.swift; sourceTree = "<group>"; };
		042C6B9628ACC3CE005B11C0 /* SKDDemoTestUITestsLaunchTests.swift */ = {isa = PBXFileReference; lastKnownFileType = sourcecode.swift; path = SKDDemoTestUITestsLaunchTests.swift; sourceTree = "<group>"; };
		0448857428B1330300BAE1AB /* MediaSelector.framework */ = {isa = PBXFileReference; lastKnownFileType = wrapper.framework; path = MediaSelector.framework; sourceTree = "<group>"; };
/* End PBXFileReference section */

/* Begin PBXFrameworksBuildPhase section */
		042C6B6D28ACC3CD005B11C0 /* Frameworks */ = {
			isa = PBXFrameworksBuildPhase;
			buildActionMask = 2147483647;
			files = (
				0448857528B1330300BAE1AB /* MediaSelector.framework in Frameworks */,
			);
			runOnlyForDeploymentPostprocessing = 0;
		};
		042C6B8328ACC3CE005B11C0 /* Frameworks */ = {
			isa = PBXFrameworksBuildPhase;
			buildActionMask = 2147483647;
			files = (
			);
			runOnlyForDeploymentPostprocessing = 0;
		};
		042C6B8D28ACC3CE005B11C0 /* Frameworks */ = {
			isa = PBXFrameworksBuildPhase;
			buildActionMask = 2147483647;
			files = (
			);
			runOnlyForDeploymentPostprocessing = 0;
		};
/* End PBXFrameworksBuildPhase section */

/* Begin PBXGroup section */
		042C6B6728ACC3CD005B11C0 = {
			isa = PBXGroup;
			children = (
				042C6B7228ACC3CD005B11C0 /* SKDDemoTest */,
				042C6B8928ACC3CE005B11C0 /* SKDDemoTestTests */,
				042C6B9328ACC3CE005B11C0 /* SKDDemoTestUITests */,
				042C6B7128ACC3CD005B11C0 /* Products */,
			);
			sourceTree = "<group>";
		};
		042C6B7128ACC3CD005B11C0 /* Products */ = {
			isa = PBXGroup;
			children = (
				042C6B7028ACC3CD005B11C0 /* SKDDemoTest.app */,
				042C6B8628ACC3CE005B11C0 /* SKDDemoTestTests.xctest */,
				042C6B9028ACC3CE005B11C0 /* SKDDemoTestUITests.xctest */,
			);
			name = Products;
			sourceTree = "<group>";
		};
		042C6B7228ACC3CD005B11C0 /* SKDDemoTest */ = {
			isa = PBXGroup;
			children = (
				0448857428B1330300BAE1AB /* MediaSelector.framework */,
				042C6B7328ACC3CD005B11C0 /* AppDelegate.swift */,
				042C6B7528ACC3CD005B11C0 /* SceneDelegate.swift */,
				042C6B7728ACC3CD005B11C0 /* ViewController.swift */,
				042C6B7928ACC3CD005B11C0 /* Main.storyboard */,
				042C6B7C28ACC3CE005B11C0 /* Assets.xcassets */,
				042C6B7E28ACC3CE005B11C0 /* LaunchScreen.storyboard */,
				042C6B8128ACC3CE005B11C0 /* Info.plist */,
			);
			path = SKDDemoTest;
			sourceTree = "<group>";
		};
		042C6B8928ACC3CE005B11C0 /* SKDDemoTestTests */ = {
			isa = PBXGroup;
			children = (
				042C6B8A28ACC3CE005B11C0 /* SKDDemoTestTests.swift */,
			);
			path = SKDDemoTestTests;
			sourceTree = "<group>";
		};
		042C6B9328ACC3CE005B11C0 /* SKDDemoTestUITests */ = {
			isa = PBXGroup;
			children = (
				042C6B9428ACC3CE005B11C0 /* SKDDemoTestUITests.swift */,
				042C6B9628ACC3CE005B11C0 /* SKDDemoTestUITestsLaunchTests.swift */,
			);
			path = SKDDemoTestUITests;
			sourceTree = "<group>";
		};
/* End PBXGroup section */

/* Begin PBXNativeTarget section */
		042C6B6F28ACC3CD005B11C0 /* SKDDemoTest */ = {
			isa = PBXNativeTarget;
			buildConfigurationList = 042C6B9A28ACC3CE005B11C0 /* Build configuration list for PBXNativeTarget "SKDDemoTest" */;
			buildPhases = (
				042C6B6C28ACC3CD005B11C0 /* Sources */,
				042C6B6D28ACC3CD005B11C0 /* Frameworks */,
				042C6B6E28ACC3CD005B11C0 /* Resources */,
				042C6BEF28AD3B74005B11C0 /* Embed Frameworks */,
			);
			buildRules = (
			);
			dependencies = (
			);
			name = SKDDemoTest;
			productName = SKDDemoTest;
			productReference = 042C6B7028ACC3CD005B11C0 /* SKDDemoTest.app */;
			productType = "com.apple.product-type.application";
		};
		042C6B8528ACC3CE005B11C0 /* SKDDemoTestTests */ = {
			isa = PBXNativeTarget;
			buildConfigurationList = 042C6B9D28ACC3CE005B11C0 /* Build configuration list for PBXNativeTarget "SKDDemoTestTests" */;
			buildPhases = (
				042C6B8228ACC3CE005B11C0 /* Sources */,
				042C6B8328ACC3CE005B11C0 /* Frameworks */,
				042C6B8428ACC3CE005B11C0 /* Resources */,
			);
			buildRules = (
			);
			dependencies = (
				042C6B8828ACC3CE005B11C0 /* PBXTargetDependency */,
			);
			name = SKDDemoTestTests;
			productName = SKDDemoTestTests;
			productReference = 042C6B8628ACC3CE005B11C0 /* SKDDemoTestTests.xctest */;
			productType = "com.apple.product-type.bundle.unit-test";
		};
		042C6B8F28ACC3CE005B11C0 /* SKDDemoTestUITests */ = {
			isa = PBXNativeTarget;
			buildConfigurationList = 042C6BA028ACC3CE005B11C0 /* Build configuration list for PBXNativeTarget "SKDDemoTestUITests" */;
			buildPhases = (
				042C6B8C28ACC3CE005B11C0 /* Sources */,
				042C6B8D28ACC3CE005B11C0 /* Frameworks */,
				042C6B8E28ACC3CE005B11C0 /* Resources */,
			);
			buildRules = (
			);
			dependencies = (
				042C6B9228ACC3CE005B11C0 /* PBXTargetDependency */,
			);
			name = SKDDemoTestUITests;
			productName = SKDDemoTestUITests;
			productReference = 042C6B9028ACC3CE005B11C0 /* SKDDemoTestUITests.xctest */;
			productType = "com.apple.product-type.bundle.ui-testing";
		};
/* End PBXNativeTarget section */

/* Begin PBXProject section */
		042C6B6828ACC3CD005B11C0 /* Project object */ = {
			isa = PBXProject;
			attributes = {
				BuildIndependentTargetsInParallel = 1;
				LastSwiftUpdateCheck = 1340;
				LastUpgradeCheck = 1340;
				TargetAttributes = {
					042C6B6F28ACC3CD005B11C0 = {
						CreatedOnToolsVersion = 13.4.1;
					};
					042C6B8528ACC3CE005B11C0 = {
						CreatedOnToolsVersion = 13.4.1;
						TestTargetID = 042C6B6F28ACC3CD005B11C0;
					};
					042C6B8F28ACC3CE005B11C0 = {
						CreatedOnToolsVersion = 13.4.1;
						TestTargetID = 042C6B6F28ACC3CD005B11C0;
					};
				};
			};
			buildConfigurationList = 042C6B6B28ACC3CD005B11C0 /* Build configuration list for PBXProject "SKDDemoTest" */;
			compatibilityVersion = "Xcode 13.0";
			developmentRegion = en;
			hasScannedForEncodings = 0;
			knownRegions = (
				en,
				Base,
			);
			mainGroup = 042C6B6728ACC3CD005B11C0;
			productRefGroup = 042C6B7128ACC3CD005B11C0 /* Products */;
			projectDirPath = "";
			projectRoot = "";
			targets = (
				042C6B6F28ACC3CD005B11C0 /* SKDDemoTest */,
				042C6B8528ACC3CE005B11C0 /* SKDDemoTestTests */,
				042C6B8F28ACC3CE005B11C0 /* SKDDemoTestUITests */,
			);
		};
/* End PBXProject section */

/* Begin PBXResourcesBuildPhase section */
		042C6B6E28ACC3CD005B11C0 /* Resources */ = {
			isa = PBXResourcesBuildPhase;
			buildActionMask = 2147483647;
			files = (
				042C6B8028ACC3CE005B11C0 /* LaunchScreen.storyboard in Resources */,
				042C6B7D28ACC3CE005B11C0 /* Assets.xcassets in Resources */,
				042C6B7B28ACC3CD005B11C0 /* Main.storyboard in Resources */,
			);
			runOnlyForDeploymentPostprocessing = 0;
		};
		042C6B8428ACC3CE005B11C0 /* Resources */ = {
			isa = PBXResourcesBuildPhase;
			buildActionMask = 2147483647;
			files = (
			);
			runOnlyForDeploymentPostprocessing = 0;
		};
		042C6B8E28ACC3CE005B11C0 /* Resources */ = {
			isa = PBXResourcesBuildPhase;
			buildActionMask = 2147483647;
			files = (
			);
			runOnlyForDeploymentPostprocessing = 0;
		};
/* End PBXResourcesBuildPhase section */

/* Begin PBXSourcesBuildPhase section */
		042C6B6C28ACC3CD005B11C0 /* Sources */ = {
			isa = PBXSourcesBuildPhase;
			buildActionMask = 2147483647;
			files = (
				042C6B7828ACC3CD005B11C0 /* ViewController.swift in Sources */,
				042C6B7428ACC3CD005B11C0 /* AppDelegate.swift in Sources */,
				042C6B7628ACC3CD005B11C0 /* SceneDelegate.swift in Sources */,
			);
			runOnlyForDeploymentPostprocessing = 0;
		};
		042C6B8228ACC3CE005B11C0 /* Sources */ = {
			isa = PBXSourcesBuildPhase;
			buildActionMask = 2147483647;
			files = (
				042C6B8B28ACC3CE005B11C0 /* SKDDemoTestTests.swift in Sources */,
			);
			runOnlyForDeploymentPostprocessing = 0;
		};
		042C6B8C28ACC3CE005B11C0 /* Sources */ = {
			isa = PBXSourcesBuildPhase;
			buildActionMask = 2147483647;
			files = (
				042C6B9728ACC3CE005B11C0 /* SKDDemoTestUITestsLaunchTests.swift in Sources */,
				042C6B9528ACC3CE005B11C0 /* SKDDemoTestUITests.swift in Sources */,
			);
			runOnlyForDeploymentPostprocessing = 0;
		};
/* End PBXSourcesBuildPhase section */

/* Begin PBXTargetDependency section */
		042C6B8828ACC3CE005B11C0 /* PBXTargetDependency */ = {
			isa = PBXTargetDependency;
			target = 042C6B6F28ACC3CD005B11C0 /* SKDDemoTest */;
			targetProxy = 042C6B8728ACC3CE005B11C0 /* PBXContainerItemProxy */;
		};
		042C6B9228ACC3CE005B11C0 /* PBXTargetDependency */ = {
			isa = PBXTargetDependency;
			target = 042C6B6F28ACC3CD005B11C0 /* SKDDemoTest */;
			targetProxy = 042C6B9128ACC3CE005B11C0 /* PBXContainerItemProxy */;
		};
/* End PBXTargetDependency section */

/* Begin PBXVariantGroup section */
		042C6B7928ACC3CD005B11C0 /* Main.storyboard */ = {
			isa = PBXVariantGroup;
			children = (
				042C6B7A28ACC3CD005B11C0 /* Base */,
			);
			name = Main.storyboard;
			sourceTree = "<group>";
		};
		042C6B7E28ACC3CE005B11C0 /* LaunchScreen.storyboard */ = {
			isa = PBXVariantGroup;
			children = (
				042C6B7F28ACC3CE005B11C0 /* Base */,
			);
			name = LaunchScreen.storyboard;
			sourceTree = "<group>";
		};
/* End PBXVariantGroup section */

/* Begin XCBuildConfiguration section */
		042C6B9828ACC3CE005B11C0 /* Debug */ = {
			isa = XCBuildConfiguration;
			buildSettings = {
				ALWAYS_SEARCH_USER_PATHS = NO;
				CLANG_ANALYZER_NONNULL = YES;
				CLANG_ANALYZER_NUMBER_OBJECT_CONVERSION = YES_AGGRESSIVE;
				CLANG_CXX_LANGUAGE_STANDARD = "gnu++17";
				CLANG_ENABLE_MODULES = YES;
				CLANG_ENABLE_OBJC_ARC = YES;
				CLANG_ENABLE_OBJC_WEAK = YES;
				CLANG_WARN_BLOCK_CAPTURE_AUTORELEASING = YES;
				CLANG_WARN_BOOL_CONVERSION = YES;
				CLANG_WARN_COMMA = YES;
				CLANG_WARN_CONSTANT_CONVERSION = YES;
				CLANG_WARN_DEPRECATED_OBJC_IMPLEMENTATIONS = YES;
				CLANG_WARN_DIRECT_OBJC_ISA_USAGE = YES_ERROR;
				CLANG_WARN_DOCUMENTATION_COMMENTS = YES;
				CLANG_WARN_EMPTY_BODY = YES;
				CLANG_WARN_ENUM_CONVERSION = YES;
				CLANG_WARN_INFINITE_RECURSION = YES;
				CLANG_WARN_INT_CONVERSION = YES;
				CLANG_WARN_NON_LITERAL_NULL_CONVERSION = YES;
				CLANG_WARN_OBJC_IMPLICIT_RETAIN_SELF = YES;
				CLANG_WARN_OBJC_LITERAL_CONVERSION = YES;
				CLANG_WARN_OBJC_ROOT_CLASS = YES_ERROR;
				CLANG_WARN_QUOTED_INCLUDE_IN_FRAMEWORK_HEADER = YES;
				CLANG_WARN_RANGE_LOOP_ANALYSIS = YES;
				CLANG_WARN_STRICT_PROTOTYPES = YES;
				CLANG_WARN_SUSPICIOUS_MOVE = YES;
				CLANG_WARN_UNGUARDED_AVAILABILITY = YES_AGGRESSIVE;
				CLANG_WARN_UNREACHABLE_CODE = YES;
				CLANG_WARN__DUPLICATE_METHOD_MATCH = YES;
				COPY_PHASE_STRIP = NO;
				DEBUG_INFORMATION_FORMAT = dwarf;
				ENABLE_STRICT_OBJC_MSGSEND = YES;
				ENABLE_TESTABILITY = YES;
				GCC_C_LANGUAGE_STANDARD = gnu11;
				GCC_DYNAMIC_NO_PIC = NO;
				GCC_NO_COMMON_BLOCKS = YES;
				GCC_OPTIMIZATION_LEVEL = 0;
				GCC_PREPROCESSOR_DEFINITIONS = (
					"DEBUG=1",
					"$(inherited)",
				);
				GCC_WARN_64_TO_32_BIT_CONVERSION = YES;
				GCC_WARN_ABOUT_RETURN_TYPE = YES_ERROR;
				GCC_WARN_UNDECLARED_SELECTOR = YES;
				GCC_WARN_UNINITIALIZED_AUTOS = YES_AGGRESSIVE;
				GCC_WARN_UNUSED_FUNCTION = YES;
				GCC_WARN_UNUSED_VARIABLE = YES;
				IPHONEOS_DEPLOYMENT_TARGET = 15.5;
				MTL_ENABLE_DEBUG_INFO = INCLUDE_SOURCE;
				MTL_FAST_MATH = YES;
				ONLY_ACTIVE_ARCH = YES;
				SDKROOT = iphoneos;
				SWIFT_ACTIVE_COMPILATION_CONDITIONS = DEBUG;
				SWIFT_OPTIMIZATION_LEVEL = "-Onone";
			};
			name = Debug;
		};
		042C6B9928ACC3CE005B11C0 /* Release */ = {
			isa = XCBuildConfiguration;
			buildSettings = {
				ALWAYS_SEARCH_USER_PATHS = NO;
				CLANG_ANALYZER_NONNULL = YES;
				CLANG_ANALYZER_NUMBER_OBJECT_CONVERSION = YES_AGGRESSIVE;
				CLANG_CXX_LANGUAGE_STANDARD = "gnu++17";
				CLANG_ENABLE_MODULES = YES;
				CLANG_ENABLE_OBJC_ARC = YES;
				CLANG_ENABLE_OBJC_WEAK = YES;
				CLANG_WARN_BLOCK_CAPTURE_AUTORELEASING = YES;
				CLANG_WARN_BOOL_CONVERSION = YES;
				CLANG_WARN_COMMA = YES;
				CLANG_WARN_CONSTANT_CONVERSION = YES;
				CLANG_WARN_DEPRECATED_OBJC_IMPLEMENTATIONS = YES;
				CLANG_WARN_DIRECT_OBJC_ISA_USAGE = YES_ERROR;
				CLANG_WARN_DOCUMENTATION_COMMENTS = YES;
				CLANG_WARN_EMPTY_BODY = YES;
				CLANG_WARN_ENUM_CONVERSION = YES;
				CLANG_WARN_INFINITE_RECURSION = YES;
				CLANG_WARN_INT_CONVERSION = YES;
				CLANG_WARN_NON_LITERAL_NULL_CONVERSION = YES;
				CLANG_WARN_OBJC_IMPLICIT_RETAIN_SELF = YES;
				CLANG_WARN_OBJC_LITERAL_CONVERSION = YES;
				CLANG_WARN_OBJC_ROOT_CLASS = YES_ERROR;
				CLANG_WARN_QUOTED_INCLUDE_IN_FRAMEWORK_HEADER = YES;
				CLANG_WARN_RANGE_LOOP_ANALYSIS = YES;
				CLANG_WARN_STRICT_PROTOTYPES = YES;
				CLANG_WARN_SUSPICIOUS_MOVE = YES;
				CLANG_WARN_UNGUARDED_AVAILABILITY = YES_AGGRESSIVE;
				CLANG_WARN_UNREACHABLE_CODE = YES;
				CLANG_WARN__DUPLICATE_METHOD_MATCH = YES;
				COPY_PHASE_STRIP = NO;
				DEBUG_INFORMATION_FORMAT = "dwarf-with-dsym";
				ENABLE_NS_ASSERTIONS = NO;
				ENABLE_STRICT_OBJC_MSGSEND = YES;
				GCC_C_LANGUAGE_STANDARD = gnu11;
				GCC_NO_COMMON_BLOCKS = YES;
				GCC_WARN_64_TO_32_BIT_CONVERSION = YES;
				GCC_WARN_ABOUT_RETURN_TYPE = YES_ERROR;
				GCC_WARN_UNDECLARED_SELECTOR = YES;
				GCC_WARN_UNINITIALIZED_AUTOS = YES_AGGRESSIVE;
				GCC_WARN_UNUSED_FUNCTION = YES;
				GCC_WARN_UNUSED_VARIABLE = YES;
				IPHONEOS_DEPLOYMENT_TARGET = 15.5;
				MTL_ENABLE_DEBUG_INFO = NO;
				MTL_FAST_MATH = YES;
				SDKROOT = iphoneos;
				SWIFT_COMPILATION_MODE = wholemodule;
				SWIFT_OPTIMIZATION_LEVEL = "-O";
				VALIDATE_PRODUCT = YES;
			};
			name = Release;
		};
		042C6B9B28ACC3CE005B11C0 /* Debug */ = {
			isa = XCBuildConfiguration;
			buildSettings = {
				ALWAYS_EMBED_SWIFT_STANDARD_LIBRARIES = NO;
				ASSETCATALOG_COMPILER_APPICON_NAME = AppIcon;
				ASSETCATALOG_COMPILER_GLOBAL_ACCENT_COLOR_NAME = AccentColor;
				CODE_SIGN_IDENTITY = "Apple Development";
				CODE_SIGN_STYLE = Automatic;
				CURRENT_PROJECT_VERSION = 1;
				DEVELOPMENT_TEAM = U4CYKGH34B;
				EMBED_ASSET_PACKS_IN_PRODUCT_BUNDLE = NO;
				FRAMEWORK_SEARCH_PATHS = (
					"$(inherited)",
					"$(PROJECT_DIR)/SKDDemoTest",
					"$(PROJECT_DIR)",
				);
				GENERATE_INFOPLIST_FILE = YES;
				INFOPLIST_FILE = SKDDemoTest/Info.plist;
				INFOPLIST_KEY_NSCameraUsageDescription = "$(PRODUCT_NAME) needs camera access for post media.";
				INFOPLIST_KEY_NSMicrophoneUsageDescription = "$(PRODUCT_NAME) needs microphone access for video post and audio messages.";
				INFOPLIST_KEY_NSPhotoLibraryUsageDescription = "$(PRODUCT_NAME) needs photos access for post media.";
				INFOPLIST_KEY_UIApplicationSupportsIndirectInputEvents = YES;
				INFOPLIST_KEY_UILaunchStoryboardName = LaunchScreen;
				INFOPLIST_KEY_UIMainStoryboardFile = Main;
				INFOPLIST_KEY_UISupportedInterfaceOrientations_iPad = "UIInterfaceOrientationPortrait UIInterfaceOrientationPortraitUpsideDown UIInterfaceOrientationLandscapeLeft UIInterfaceOrientationLandscapeRight";
				INFOPLIST_KEY_UISupportedInterfaceOrientations_iPhone = "UIInterfaceOrientationPortrait UIInterfaceOrientationLandscapeLeft UIInterfaceOrientationLandscapeRight";
				IPHONEOS_DEPLOYMENT_TARGET = 14.0;
				LD_RUNPATH_SEARCH_PATHS = (
					"$(inherited)",
					"@executable_path/Frameworks",
				);
				MARKETING_VERSION = 1.0;
				PRODUCT_BUNDLE_IDENTIFIER = jitendra.SKDDemoTest;
				PRODUCT_NAME = "$(TARGET_NAME)";
				PROVISIONING_PROFILE_SPECIFIER = "";
				SWIFT_EMIT_LOC_STRINGS = YES;
				SWIFT_VERSION = 5.0;
				TARGETED_DEVICE_FAMILY = "1,2";
			};
			name = Debug;
		};
		042C6B9C28ACC3CE005B11C0 /* Release */ = {
			isa = XCBuildConfiguration;
			buildSettings = {
				ALWAYS_EMBED_SWIFT_STANDARD_LIBRARIES = NO;
				ASSETCATALOG_COMPILER_APPICON_NAME = AppIcon;
				ASSETCATALOG_COMPILER_GLOBAL_ACCENT_COLOR_NAME = AccentColor;
				CODE_SIGN_IDENTITY = "Apple Development";
				CODE_SIGN_STYLE = Automatic;
				CURRENT_PROJECT_VERSION = 1;
				DEVELOPMENT_TEAM = U4CYKGH34B;
				EMBED_ASSET_PACKS_IN_PRODUCT_BUNDLE = NO;
				FRAMEWORK_SEARCH_PATHS = (
					"$(inherited)",
					"$(PROJECT_DIR)/SKDDemoTest",
					"$(PROJECT_DIR)",
				);
				GENERATE_INFOPLIST_FILE = YES;
				INFOPLIST_FILE = SKDDemoTest/Info.plist;
				INFOPLIST_KEY_NSCameraUsageDescription = "$(PRODUCT_NAME) needs camera access for post media.";
				INFOPLIST_KEY_NSMicrophoneUsageDescription = "$(PRODUCT_NAME) needs microphone access for video post and audio messages.";
				INFOPLIST_KEY_NSPhotoLibraryUsageDescription = "$(PRODUCT_NAME) needs photos access for post media.";
				INFOPLIST_KEY_UIApplicationSupportsIndirectInputEvents = YES;
				INFOPLIST_KEY_UILaunchStoryboardName = LaunchScreen;
				INFOPLIST_KEY_UIMainStoryboardFile = Main;
				INFOPLIST_KEY_UISupportedInterfaceOrientations_iPad = "UIInterfaceOrientationPortrait UIInterfaceOrientationPortraitUpsideDown UIInterfaceOrientationLandscapeLeft UIInterfaceOrientationLandscapeRight";
				INFOPLIST_KEY_UISupportedInterfaceOrientations_iPhone = "UIInterfaceOrientationPortrait UIInterfaceOrientationLandscapeLeft UIInterfaceOrientationLandscapeRight";
				IPHONEOS_DEPLOYMENT_TARGET = 14.0;
				LD_RUNPATH_SEARCH_PATHS = (
					"$(inherited)",
					"@executable_path/Frameworks",
				);
				MARKETING_VERSION = 1.0;
				PRODUCT_BUNDLE_IDENTIFIER = jitendra.SKDDemoTest;
				PRODUCT_NAME = "$(TARGET_NAME)";
				PROVISIONING_PROFILE_SPECIFIER = "";
				SWIFT_EMIT_LOC_STRINGS = YES;
				SWIFT_VERSION = 5.0;
				TARGETED_DEVICE_FAMILY = "1,2";
			};
			name = Release;
		};
		042C6B9E28ACC3CE005B11C0 /* Debug */ = {
			isa = XCBuildConfiguration;
			buildSettings = {
				ALWAYS_EMBED_SWIFT_STANDARD_LIBRARIES = YES;
				BUNDLE_LOADER = "$(TEST_HOST)";
				CODE_SIGN_STYLE = Automatic;
				CURRENT_PROJECT_VERSION = 1;
				GENERATE_INFOPLIST_FILE = YES;
				IPHONEOS_DEPLOYMENT_TARGET = 15.5;
				MARKETING_VERSION = 1.0;
				PRODUCT_BUNDLE_IDENTIFIER = jitendra.SKDDemoTestTests;
				PRODUCT_NAME = "$(TARGET_NAME)";
				SWIFT_EMIT_LOC_STRINGS = NO;
				SWIFT_VERSION = 5.0;
				TARGETED_DEVICE_FAMILY = "1,2";
				TEST_HOST = "$(BUILT_PRODUCTS_DIR)/SKDDemoTest.app/SKDDemoTest";
			};
			name = Debug;
		};
		042C6B9F28ACC3CE005B11C0 /* Release */ = {
			isa = XCBuildConfiguration;
			buildSettings = {
				ALWAYS_EMBED_SWIFT_STANDARD_LIBRARIES = YES;
				BUNDLE_LOADER = "$(TEST_HOST)";
				CODE_SIGN_STYLE = Automatic;
				CURRENT_PROJECT_VERSION = 1;
				GENERATE_INFOPLIST_FILE = YES;
				IPHONEOS_DEPLOYMENT_TARGET = 15.5;
				MARKETING_VERSION = 1.0;
				PRODUCT_BUNDLE_IDENTIFIER = jitendra.SKDDemoTestTests;
				PRODUCT_NAME = "$(TARGET_NAME)";
				SWIFT_EMIT_LOC_STRINGS = NO;
				SWIFT_VERSION = 5.0;
				TARGETED_DEVICE_FAMILY = "1,2";
				TEST_HOST = "$(BUILT_PRODUCTS_DIR)/SKDDemoTest.app/SKDDemoTest";
			};
			name = Release;
		};
		042C6BA128ACC3CE005B11C0 /* Debug */ = {
			isa = XCBuildConfiguration;
			buildSettings = {
				ALWAYS_EMBED_SWIFT_STANDARD_LIBRARIES = YES;
				CODE_SIGN_STYLE = Automatic;
				CURRENT_PROJECT_VERSION = 1;
				GENERATE_INFOPLIST_FILE = YES;
				MARKETING_VERSION = 1.0;
				PRODUCT_BUNDLE_IDENTIFIER = jitendra.SKDDemoTestUITests;
				PRODUCT_NAME = "$(TARGET_NAME)";
				SWIFT_EMIT_LOC_STRINGS = NO;
				SWIFT_VERSION = 5.0;
				TARGETED_DEVICE_FAMILY = "1,2";
				TEST_TARGET_NAME = SKDDemoTest;
			};
			name = Debug;
		};
		042C6BA228ACC3CE005B11C0 /* Release */ = {
			isa = XCBuildConfiguration;
			buildSettings = {
				ALWAYS_EMBED_SWIFT_STANDARD_LIBRARIES = YES;
				CODE_SIGN_STYLE = Automatic;
				CURRENT_PROJECT_VERSION = 1;
				GENERATE_INFOPLIST_FILE = YES;
				MARKETING_VERSION = 1.0;
				PRODUCT_BUNDLE_IDENTIFIER = jitendra.SKDDemoTestUITests;
				PRODUCT_NAME = "$(TARGET_NAME)";
				SWIFT_EMIT_LOC_STRINGS = NO;
				SWIFT_VERSION = 5.0;
				TARGETED_DEVICE_FAMILY = "1,2";
				TEST_TARGET_NAME = SKDDemoTest;
			};
			name = Release;
		};
/* End XCBuildConfiguration section */

/* Begin XCConfigurationList section */
		042C6B6B28ACC3CD005B11C0 /* Build configuration list for PBXProject "SKDDemoTest" */ = {
			isa = XCConfigurationList;
			buildConfigurations = (
				042C6B9828ACC3CE005B11C0 /* Debug */,
				042C6B9928ACC3CE005B11C0 /* Release */,
			);
			defaultConfigurationIsVisible = 0;
			defaultConfigurationName = Release;
		};
		042C6B9A28ACC3CE005B11C0 /* Build configuration list for PBXNativeTarget "SKDDemoTest" */ = {
			isa = XCConfigurationList;
			buildConfigurations = (
				042C6B9B28ACC3CE005B11C0 /* Debug */,
				042C6B9C28ACC3CE005B11C0 /* Release */,
			);
			defaultConfigurationIsVisible = 0;
			defaultConfigurationName = Release;
		};
		042C6B9D28ACC3CE005B11C0 /* Build configuration list for PBXNativeTarget "SKDDemoTestTests" */ = {
			isa = XCConfigurationList;
			buildConfigurations = (
				042C6B9E28ACC3CE005B11C0 /* Debug */,
				042C6B9F28ACC3CE005B11C0 /* Release */,
			);
			defaultConfigurationIsVisible = 0;
			defaultConfigurationName = Release;
		};
		042C6BA028ACC3CE005B11C0 /* Build configuration list for PBXNativeTarget "SKDDemoTestUITests" */ = {
			isa = XCConfigurationList;
			buildConfigurations = (
				042C6BA128ACC3CE005B11C0 /* Debug */,
				042C6BA228ACC3CE005B11C0 /* Release */,
			);
			defaultConfigurationIsVisible = 0;
			defaultConfigurationName = Release;
		};
/* End XCConfigurationList section */
	};
	rootObject = 042C6B6828ACC3CD005B11C0 /* Project object */;
}
